
Microsoft Visual Studio Solution File, Format Version 12.00
# Visual Studio Version 17
VisualStudioVersion = 17.10.34928.147
MinimumVisualStudioVersion = 10.0.40219.1
Project("{FAE04EC0-301F-11D3-BF4B-00C04F79EFBC}") = "repro", "repro\repro.csproj", "{33ED8AD2-D0FC-4200-AC65-7A7DAEA5D5B0}"
EndProject
Global
	GlobalSection(SolutionConfigurationPlatforms) = preSolution
		Debug|Any CPU = Debug|Any CPU
		Release|Any CPU = Release|Any CPU
	EndGlobalSection
	GlobalSection(ProjectConfigurationPlatforms) = postSolution
		{33ED8AD2-D0FC-4200-AC65-7A7DAEA5D5B0}.Debug|Any CPU.ActiveCfg = Debug|Any CPU
		{33ED8AD2-D0FC-4200-AC65-7A7DAEA5D5B0}.Debug|Any CPU.Build.0 = Debug|Any CPU
		{33ED8AD2-D0FC-4200-AC65-7A7DAEA5D5B0}.Debug|Any CPU.Deploy.0 = Debug|Any CPU
		{33ED8AD2-D0FC-4200-AC65-7A7DAEA5D5B0}.Release|Any CPU.ActiveCfg = Release|Any CPU
		{33ED8AD2-D0FC-4200-AC65-7A7DAEA5D5B0}.Release|Any CPU.Build.0 = Release|Any CPU
		{33ED8AD2-D0FC-4200-AC65-7A7DAEA5D5B0}.Release|Any CPU.Deploy.0 = Release|Any CPU
	EndGlobalSection
	GlobalSection(SolutionProperties) = preSolution
		HideSolutionNode = FALSE
	EndGlobalSection
	GlobalSection(ExtensibilityGlobals) = postSolution
		SolutionGuid = {48E70378-8A1B-4260-AEB0-6986BCA2CF8E}
	EndGlobalSection
EndGlobal
